// !$*UTF8*$!
{
	archiveVersion = 1;
	classes = {
	};
	objectVersion = 77;
	objects = {

/* Begin PBXBuildFile section */
		133087FD2D66D89800085E6F /* GooglePlaces in Frameworks */ = {isa = PBXBuildFile; productRef = 133087FC2D66D89800085E6F /* GooglePlaces */; };
		133087FF2D66D89800085E6F /* GooglePlacesSwift in Frameworks */ = {isa = PBXBuildFile; productRef = 133087FE2D66D89800085E6F /* GooglePlacesSwift */; };
		151667772D7DEA9700F7F956 /* Kingfisher in Frameworks */ = {isa = PBXBuildFile; productRef = 151667762D7DEA9700F7F956 /* Kingfisher */; };
		15926B282D2EF06E00026F56 /* GoogleMaps in Frameworks */ = {isa = PBXBuildFile; productRef = 15926B272D2EF06E00026F56 /* GoogleMaps */; };
		15E5087D2E107A9A00CF9A54 /* GoogleMapsUtils in Frameworks */ = {isa = PBXBuildFile; productRef = 15E5087C2E107A9A00CF9A54 /* GoogleMapsUtils */; };
		3D69FDBC2DA2B43B0073D885 /* Lottie in Frameworks */ = {isa = PBXBuildFile; productRef = 3D69FDBB2DA2B43B0073D885 /* Lottie */; };
		79E999F42D4D11790066E0CA /* Alamofire in Frameworks */ = {isa = PBXBuildFile; productRef = 79E999F32D4D11790066E0CA /* Alamofire */; };
		A81EB0D42E12872B0009396A /* FirebaseAnalytics in Frameworks */ = {isa = PBXBuildFile; productRef = A81EB0D32E12872B0009396A /* FirebaseAnalytics */; };
		A81EB0D62E12872B0009396A /* FirebaseCrashlytics in Frameworks */ = {isa = PBXBuildFile; productRef = A81EB0D52E12872B0009396A /* FirebaseCrashlytics */; };
		A81EB0D82E12872B0009396A /* FirebaseMessaging in Frameworks */ = {isa = PBXBuildFile; productRef = A81EB0D72E12872B0009396A /* FirebaseMessaging */; };
/* End PBXBuildFile section */

/* Begin PBXFileReference section */
		137153882D26CDCA00EABE10 /* Staccato-iOS.app */ = {isa = PBXFileReference; explicitFileType = wrapper.application; includeInIndex = 0; path = "Staccato-iOS.app"; sourceTree = BUILT_PRODUCTS_DIR; };
		79B4A8512DC8E828008CAD72 /* Debug.xcconfig */ = {isa = PBXFileReference; lastKnownFileType = text.xcconfig; name = Debug.xcconfig; path = "/Users/kangjaeheok/staccato-ios/Staccato-iOS/Staccato-iOS/Support/Config/Debug.xcconfig"; sourceTree = "<absolute>"; };
		79B4A8522DC8E828008CAD72 /* Release.xcconfig */ = {isa = PBXFileReference; lastKnownFileType = text.xcconfig; name = Release.xcconfig; path = "/Users/kangjaeheok/staccato-ios/Staccato-iOS/Staccato-iOS/Support/Config/Release.xcconfig"; sourceTree = "<absolute>"; };
/* End PBXFileReference section */

/* Begin PBXFileSystemSynchronizedBuildFileExceptionSet section */
		137153B72D26EFEA00EABE10 /* Exceptions for "Staccato-iOS" folder in "Staccato-iOS" target */ = {
			isa = PBXFileSystemSynchronizedBuildFileExceptionSet;
			membershipExceptions = (
				Support/Info.plist,
			);
			target = 137153872D26CDCA00EABE10 /* Staccato-iOS */;
		};
/* End PBXFileSystemSynchronizedBuildFileExceptionSet section */

/* Begin PBXFileSystemSynchronizedRootGroup section */
		1371538A2D26CDCA00EABE10 /* Staccato-iOS */ = {
			isa = PBXFileSystemSynchronizedRootGroup;
			exceptions = (
				137153B72D26EFEA00EABE10 /* Exceptions for "Staccato-iOS" folder in "Staccato-iOS" target */,
			);
			path = "Staccato-iOS";
			sourceTree = "<group>";
		};
/* End PBXFileSystemSynchronizedRootGroup section */

/* Begin PBXFrameworksBuildPhase section */
		137153852D26CDCA00EABE10 /* Frameworks */ = {
			isa = PBXFrameworksBuildPhase;
			buildActionMask = 2147483647;
			files = (
				A81EB0D82E12872B0009396A /* FirebaseMessaging in Frameworks */,
				A81EB0D42E12872B0009396A /* FirebaseAnalytics in Frameworks */,
				133087FD2D66D89800085E6F /* GooglePlaces in Frameworks */,
				15E5087D2E107A9A00CF9A54 /* GoogleMapsUtils in Frameworks */,
				15926B282D2EF06E00026F56 /* GoogleMaps in Frameworks */,
				79E999F42D4D11790066E0CA /* Alamofire in Frameworks */,
				133087FF2D66D89800085E6F /* GooglePlacesSwift in Frameworks */,
				A81EB0D62E12872B0009396A /* FirebaseCrashlytics in Frameworks */,
				151667772D7DEA9700F7F956 /* Kingfisher in Frameworks */,
				3D69FDBC2DA2B43B0073D885 /* Lottie in Frameworks */,
			);
			runOnlyForDeploymentPostprocessing = 0;
		};
/* End PBXFrameworksBuildPhase section */

/* Begin PBXGroup section */
		1371537F2D26CDCA00EABE10 = {
			isa = PBXGroup;
			children = (
				1371538A2D26CDCA00EABE10 /* Staccato-iOS */,
				137153892D26CDCA00EABE10 /* Products */,
				79E862412DD97B9A00DF2881 /* Recovered References */,
			);
			sourceTree = "<group>";
		};
		137153892D26CDCA00EABE10 /* Products */ = {
			isa = PBXGroup;
			children = (
				137153882D26CDCA00EABE10 /* Staccato-iOS.app */,
			);
			name = Products;
			sourceTree = "<group>";
		};
		79E862412DD97B9A00DF2881 /* Recovered References */ = {
			isa = PBXGroup;
			children = (
				79B4A8512DC8E828008CAD72 /* Debug.xcconfig */,
				79B4A8522DC8E828008CAD72 /* Release.xcconfig */,
			);
			name = "Recovered References";
			sourceTree = "<group>";
		};
/* End PBXGroup section */

/* Begin PBXNativeTarget section */
		137153872D26CDCA00EABE10 /* Staccato-iOS */ = {
			isa = PBXNativeTarget;
			buildConfigurationList = 137153962D26CDCC00EABE10 /* Build configuration list for PBXNativeTarget "Staccato-iOS" */;
			buildPhases = (
				137153842D26CDCA00EABE10 /* Sources */,
				137153852D26CDCA00EABE10 /* Frameworks */,
				137153862D26CDCA00EABE10 /* Resources */,
				15E4638F2E13F24D0048FC27 /* ShellScript */,
			);
			buildRules = (
			);
			dependencies = (
			);
			fileSystemSynchronizedGroups = (
				1371538A2D26CDCA00EABE10 /* Staccato-iOS */,
			);
			name = "Staccato-iOS";
			packageProductDependencies = (
				15926B272D2EF06E00026F56 /* GoogleMaps */,
				79E999F32D4D11790066E0CA /* Alamofire */,
				133087FC2D66D89800085E6F /* GooglePlaces */,
				133087FE2D66D89800085E6F /* GooglePlacesSwift */,
				151667762D7DEA9700F7F956 /* Kingfisher */,
				3D69FDBB2DA2B43B0073D885 /* Lottie */,
				A81EB0D32E12872B0009396A /* FirebaseAnalytics */,
				A81EB0D52E12872B0009396A /* FirebaseCrashlytics */,
				A81EB0D72E12872B0009396A /* FirebaseMessaging */,
				15E5087C2E107A9A00CF9A54 /* GoogleMapsUtils */,
			);
			productName = "Staccato-iOS";
			productReference = 137153882D26CDCA00EABE10 /* Staccato-iOS.app */;
			productType = "com.apple.product-type.application";
		};
/* End PBXNativeTarget section */

/* Begin PBXProject section */
		137153802D26CDCA00EABE10 /* Project object */ = {
			isa = PBXProject;
			attributes = {
				BuildIndependentTargetsInParallel = 1;
				LastSwiftUpdateCheck = 1620;
				LastUpgradeCheck = 1630;
				TargetAttributes = {
					137153872D26CDCA00EABE10 = {
						CreatedOnToolsVersion = 16.2;
					};
				};
			};
			buildConfigurationList = 137153832D26CDCA00EABE10 /* Build configuration list for PBXProject "Staccato-iOS" */;
			developmentRegion = en;
			hasScannedForEncodings = 0;
			knownRegions = (
				en,
				Base,
			);
			mainGroup = 1371537F2D26CDCA00EABE10;
			minimizedProjectReferenceProxies = 1;
			packageReferences = (
				15926B262D2EF06E00026F56 /* XCRemoteSwiftPackageReference "ios-maps-sdk" */,
				79E999F22D4D11790066E0CA /* XCRemoteSwiftPackageReference "Alamofire" */,
				133087FB2D66D89800085E6F /* XCRemoteSwiftPackageReference "ios-places-sdk" */,
				151667752D7DEA9700F7F956 /* XCRemoteSwiftPackageReference "Kingfisher" */,
				3D69FDBA2DA2B43B0073D885 /* XCRemoteSwiftPackageReference "lottie-spm" */,
				A81EB0D22E12872B0009396A /* XCRemoteSwiftPackageReference "firebase-ios-sdk" */,
				15E5087B2E107A9A00CF9A54 /* XCRemoteSwiftPackageReference "google-maps-ios-utils" */,
			);
			preferredProjectObjectVersion = 77;
			productRefGroup = 137153892D26CDCA00EABE10 /* Products */;
			projectDirPath = "";
			projectRoot = "";
			targets = (
				137153872D26CDCA00EABE10 /* Staccato-iOS */,
			);
		};
/* End PBXProject section */

/* Begin PBXResourcesBuildPhase section */
		137153862D26CDCA00EABE10 /* Resources */ = {
			isa = PBXResourcesBuildPhase;
			buildActionMask = 2147483647;
			files = (
			);
			runOnlyForDeploymentPostprocessing = 0;
		};
/* End PBXResourcesBuildPhase section */

/* Begin PBXShellScriptBuildPhase section */
		15E4638F2E13F24D0048FC27 /* ShellScript */ = {
			isa = PBXShellScriptBuildPhase;
			buildActionMask = 2147483647;
			files = (
			);
			inputFileListPaths = (
			);
			inputPaths = (
				"${DWARF_DSYM_FOLDER_PATH}/${DWARF_DSYM_FILE_NAME}",
				"${DWARF_DSYM_FOLDER_PATH}/${DWARF_DSYM_FILE_NAME}/Contents/Resources/DWARF/${PRODUCT_NAME}",
				"${DWARF_DSYM_FOLDER_PATH}/${DWARF_DSYM_FILE_NAME}/Contents/Info.plist",
				"$(TARGET_BUILD_DIR)/$(UNLOCALIZED_RESOURCES_FOLDER_PATH)/GoogleService-Info.plist",
				"$(TARGET_BUILD_DIR)/$(EXECUTABLE_PATH)",
				"${DWARF_DSYM_FOLDER_PATH}/${DWARF_DSYM_FILE_NAME}/Contents/Resources/DWARF/${PRODUCT_NAME}.debug.dylib",
			);
			outputFileListPaths = (
			);
			outputPaths = (
			);
			runOnlyForDeploymentPostprocessing = 0;
			shellPath = /bin/sh;
			shellScript = "# Type a script or drag a script file from your workspace to insert its path.\n\"${BUILD_DIR%/Build/*}/SourcePackages/checkouts/firebase-ios-sdk/Crashlytics/run\"\n";
		};
/* End PBXShellScriptBuildPhase section */

/* Begin PBXSourcesBuildPhase section */
		137153842D26CDCA00EABE10 /* Sources */ = {
			isa = PBXSourcesBuildPhase;
			buildActionMask = 2147483647;
			files = (
			);
			runOnlyForDeploymentPostprocessing = 0;
		};
/* End PBXSourcesBuildPhase section */

/* Begin XCBuildConfiguration section */
		137153942D26CDCC00EABE10 /* Debug */ = {
			isa = XCBuildConfiguration;
			baseConfigurationReferenceAnchor = 1371538A2D26CDCA00EABE10 /* Staccato-iOS */;
			baseConfigurationReferenceRelativePath = Support/Config/Debug.xcconfig;
			buildSettings = {
				ALWAYS_SEARCH_USER_PATHS = NO;
				ASSETCATALOG_COMPILER_GENERATE_SWIFT_ASSET_SYMBOL_EXTENSIONS = YES;
				CLANG_ANALYZER_NONNULL = YES;
				CLANG_ANALYZER_NUMBER_OBJECT_CONVERSION = YES_AGGRESSIVE;
				CLANG_CXX_LANGUAGE_STANDARD = "gnu++20";
				CLANG_ENABLE_MODULES = YES;
				CLANG_ENABLE_OBJC_ARC = YES;
				CLANG_ENABLE_OBJC_WEAK = YES;
				CLANG_WARN_BLOCK_CAPTURE_AUTORELEASING = YES;
				CLANG_WARN_BOOL_CONVERSION = YES;
				CLANG_WARN_COMMA = YES;
				CLANG_WARN_CONSTANT_CONVERSION = YES;
				CLANG_WARN_DEPRECATED_OBJC_IMPLEMENTATIONS = YES;
				CLANG_WARN_DIRECT_OBJC_ISA_USAGE = YES_ERROR;
				CLANG_WARN_DOCUMENTATION_COMMENTS = YES;
				CLANG_WARN_EMPTY_BODY = YES;
				CLANG_WARN_ENUM_CONVERSION = YES;
				CLANG_WARN_INFINITE_RECURSION = YES;
				CLANG_WARN_INT_CONVERSION = YES;
				CLANG_WARN_NON_LITERAL_NULL_CONVERSION = YES;
				CLANG_WARN_OBJC_IMPLICIT_RETAIN_SELF = YES;
				CLANG_WARN_OBJC_LITERAL_CONVERSION = YES;
				CLANG_WARN_OBJC_ROOT_CLASS = YES_ERROR;
				CLANG_WARN_QUOTED_INCLUDE_IN_FRAMEWORK_HEADER = YES;
				CLANG_WARN_RANGE_LOOP_ANALYSIS = YES;
				CLANG_WARN_STRICT_PROTOTYPES = YES;
				CLANG_WARN_SUSPICIOUS_MOVE = YES;
				CLANG_WARN_UNGUARDED_AVAILABILITY = YES_AGGRESSIVE;
				CLANG_WARN_UNREACHABLE_CODE = YES;
				CLANG_WARN__DUPLICATE_METHOD_MATCH = YES;
				COPY_PHASE_STRIP = NO;
				DEBUG_INFORMATION_FORMAT = "dwarf-with-dsym";
				ENABLE_STRICT_OBJC_MSGSEND = YES;
				ENABLE_TESTABILITY = YES;
				ENABLE_USER_SCRIPT_SANDBOXING = YES;
				GCC_C_LANGUAGE_STANDARD = gnu17;
				GCC_DYNAMIC_NO_PIC = NO;
				GCC_NO_COMMON_BLOCKS = YES;
				GCC_OPTIMIZATION_LEVEL = 0;
				GCC_PREPROCESSOR_DEFINITIONS = (
					"DEBUG=1",
					"$(inherited)",
				);
				GCC_WARN_64_TO_32_BIT_CONVERSION = YES;
				GCC_WARN_ABOUT_RETURN_TYPE = YES_ERROR;
				GCC_WARN_UNDECLARED_SELECTOR = YES;
				GCC_WARN_UNINITIALIZED_AUTOS = YES_AGGRESSIVE;
				GCC_WARN_UNUSED_FUNCTION = YES;
				GCC_WARN_UNUSED_VARIABLE = YES;
				INFOPLIST_KEY_UIUserInterfaceStyle = Light;
				IPHONEOS_DEPLOYMENT_TARGET = 18.2;
				LOCALIZATION_PREFERS_STRING_CATALOGS = YES;
				MTL_ENABLE_DEBUG_INFO = INCLUDE_SOURCE;
				MTL_FAST_MATH = YES;
				ONLY_ACTIVE_ARCH = YES;
				SDKROOT = iphoneos;
				SWIFT_ACTIVE_COMPILATION_CONDITIONS = "DEBUG $(inherited)";
				SWIFT_OPTIMIZATION_LEVEL = "-Onone";
			};
			name = Debug;
		};
		137153952D26CDCC00EABE10 /* Release */ = {
			isa = XCBuildConfiguration;
			baseConfigurationReferenceAnchor = 1371538A2D26CDCA00EABE10 /* Staccato-iOS */;
			baseConfigurationReferenceRelativePath = Support/Config/Release.xcconfig;
			buildSettings = {
				ALWAYS_SEARCH_USER_PATHS = NO;
				ASSETCATALOG_COMPILER_GENERATE_SWIFT_ASSET_SYMBOL_EXTENSIONS = YES;
				CLANG_ANALYZER_NONNULL = YES;
				CLANG_ANALYZER_NUMBER_OBJECT_CONVERSION = YES_AGGRESSIVE;
				CLANG_CXX_LANGUAGE_STANDARD = "gnu++20";
				CLANG_ENABLE_MODULES = YES;
				CLANG_ENABLE_OBJC_ARC = YES;
				CLANG_ENABLE_OBJC_WEAK = YES;
				CLANG_WARN_BLOCK_CAPTURE_AUTORELEASING = YES;
				CLANG_WARN_BOOL_CONVERSION = YES;
				CLANG_WARN_COMMA = YES;
				CLANG_WARN_CONSTANT_CONVERSION = YES;
				CLANG_WARN_DEPRECATED_OBJC_IMPLEMENTATIONS = YES;
				CLANG_WARN_DIRECT_OBJC_ISA_USAGE = YES_ERROR;
				CLANG_WARN_DOCUMENTATION_COMMENTS = YES;
				CLANG_WARN_EMPTY_BODY = YES;
				CLANG_WARN_ENUM_CONVERSION = YES;
				CLANG_WARN_INFINITE_RECURSION = YES;
				CLANG_WARN_INT_CONVERSION = YES;
				CLANG_WARN_NON_LITERAL_NULL_CONVERSION = YES;
				CLANG_WARN_OBJC_IMPLICIT_RETAIN_SELF = YES;
				CLANG_WARN_OBJC_LITERAL_CONVERSION = YES;
				CLANG_WARN_OBJC_ROOT_CLASS = YES_ERROR;
				CLANG_WARN_QUOTED_INCLUDE_IN_FRAMEWORK_HEADER = YES;
				CLANG_WARN_RANGE_LOOP_ANALYSIS = YES;
				CLANG_WARN_STRICT_PROTOTYPES = YES;
				CLANG_WARN_SUSPICIOUS_MOVE = YES;
				CLANG_WARN_UNGUARDED_AVAILABILITY = YES_AGGRESSIVE;
				CLANG_WARN_UNREACHABLE_CODE = YES;
				CLANG_WARN__DUPLICATE_METHOD_MATCH = YES;
				COPY_PHASE_STRIP = NO;
				DEBUG_INFORMATION_FORMAT = "dwarf-with-dsym";
				ENABLE_NS_ASSERTIONS = NO;
				ENABLE_STRICT_OBJC_MSGSEND = YES;
				ENABLE_USER_SCRIPT_SANDBOXING = YES;
				GCC_C_LANGUAGE_STANDARD = gnu17;
				GCC_NO_COMMON_BLOCKS = YES;
				GCC_WARN_64_TO_32_BIT_CONVERSION = YES;
				GCC_WARN_ABOUT_RETURN_TYPE = YES_ERROR;
				GCC_WARN_UNDECLARED_SELECTOR = YES;
				GCC_WARN_UNINITIALIZED_AUTOS = YES_AGGRESSIVE;
				GCC_WARN_UNUSED_FUNCTION = YES;
				GCC_WARN_UNUSED_VARIABLE = YES;
				INFOPLIST_KEY_UIUserInterfaceStyle = Light;
				IPHONEOS_DEPLOYMENT_TARGET = 18.2;
				LOCALIZATION_PREFERS_STRING_CATALOGS = YES;
				MTL_ENABLE_DEBUG_INFO = NO;
				MTL_FAST_MATH = YES;
				SDKROOT = iphoneos;
				SWIFT_COMPILATION_MODE = wholemodule;
				VALIDATE_PRODUCT = YES;
			};
			name = Release;
		};
		137153972D26CDCC00EABE10 /* Debug */ = {
			isa = XCBuildConfiguration;
			baseConfigurationReferenceAnchor = 1371538A2D26CDCA00EABE10 /* Staccato-iOS */;
			baseConfigurationReferenceRelativePath = Support/Config/Debug.xcconfig;
			buildSettings = {
				ASSETCATALOG_COMPILER_APPICON_NAME = "AppIcon-dev";
				ASSETCATALOG_COMPILER_GLOBAL_ACCENT_COLOR_NAME = AccentColor;
				ASSETCATALOG_COMPILER_INCLUDE_ALL_APPICON_ASSETS = NO;
				CODE_SIGN_ENTITLEMENTS = "Staccato-iOS/Support/Staccato-iOS.entitlements";
				CODE_SIGN_IDENTITY = "Apple Development";
				"CODE_SIGN_IDENTITY[sdk=iphoneos*]" = "iPhone Developer";
				CODE_SIGN_STYLE = Manual;
				CURRENT_PROJECT_VERSION = 250715.1;
				DEBUG_INFORMATION_FORMAT = "dwarf-with-dsym";
				DEVELOPMENT_TEAM = "";
				"DEVELOPMENT_TEAM[sdk=iphoneos*]" = L995XJC5CV;
				ENABLE_PREVIEWS = YES;
				GENERATE_INFOPLIST_FILE = YES;
				INFOPLIST_FILE = "Staccato-iOS/Support/Info.plist";
				INFOPLIST_KEY_CFBundleDisplayName = "Staccato-dev";
				INFOPLIST_KEY_ITSAppUsesNonExemptEncryption = NO;
				INFOPLIST_KEY_LSApplicationCategoryType = "public.app-category.lifestyle";
				INFOPLIST_KEY_NSCameraUsageDescription = "우리의 추억을 저장하기 위해 카메라 접근 권한이 필요합니다.";
				INFOPLIST_KEY_NSLocationWhenInUseUsageDescription = "사용자의 현재 위치를 입력하기 위해 위치 기반 서비스의 권한이 필요합니다.";
				INFOPLIST_KEY_UIApplicationSceneManifest_Generation = YES;
				INFOPLIST_KEY_UIApplicationSupportsIndirectInputEvents = YES;
				INFOPLIST_KEY_UILaunchScreen_Generation = YES;
				INFOPLIST_KEY_UILaunchStoryboardName = LaunchScreen.storyboard;
				INFOPLIST_KEY_UISupportedInterfaceOrientations_iPad = "UIInterfaceOrientationPortrait UIInterfaceOrientationPortraitUpsideDown UIInterfaceOrientationLandscapeLeft UIInterfaceOrientationLandscapeRight";
				INFOPLIST_KEY_UISupportedInterfaceOrientations_iPhone = "UIInterfaceOrientationPortrait UIInterfaceOrientationLandscapeLeft UIInterfaceOrientationLandscapeRight";
				INFOPLIST_KEY_UIUserInterfaceStyle = Automatic;
				IPHONEOS_DEPLOYMENT_TARGET = 17.4;
				LD_RUNPATH_SEARCH_PATHS = (
					"$(inherited)",
					"@executable_path/Frameworks",
				);
				MARKETING_VERSION = 2.1.3;
				"OTHER_LDFLAGS[arch=*]" = "-ObjC";
				PRODUCT_BUNDLE_IDENTIFIER = "com.teamstaccato.staccato-iOS-dev";
				PRODUCT_NAME = "$(TARGET_NAME)";
				PROVISIONING_PROFILE_SPECIFIER = "";
				"PROVISIONING_PROFILE_SPECIFIER[sdk=iphoneos*]" = "staccato-iOS-dev";
				SUPPORTED_PLATFORMS = "iphoneos iphonesimulator";
				SUPPORTS_MACCATALYST = NO;
				SUPPORTS_MAC_DESIGNED_FOR_IPHONE_IPAD = NO;
				SUPPORTS_XR_DESIGNED_FOR_IPHONE_IPAD = NO;
				SWIFT_EMIT_LOC_STRINGS = YES;
				SWIFT_VERSION = 5.0;
				TARGETED_DEVICE_FAMILY = 1;
			};
			name = Debug;
		};
		137153982D26CDCC00EABE10 /* Release */ = {
			isa = XCBuildConfiguration;
			baseConfigurationReferenceAnchor = 1371538A2D26CDCA00EABE10 /* Staccato-iOS */;
			baseConfigurationReferenceRelativePath = Support/Config/Release.xcconfig;
			buildSettings = {
				ASSETCATALOG_COMPILER_APPICON_NAME = AppIcon;
				ASSETCATALOG_COMPILER_GLOBAL_ACCENT_COLOR_NAME = AccentColor;
				ASSETCATALOG_COMPILER_INCLUDE_ALL_APPICON_ASSETS = NO;
				CODE_SIGN_ENTITLEMENTS = "Staccato-iOS/Support/Staccato-iOS.entitlements";
				CODE_SIGN_IDENTITY = "Apple Development";
				"CODE_SIGN_IDENTITY[sdk=iphoneos*]" = "iPhone Distribution";
				CODE_SIGN_STYLE = Manual;
				CURRENT_PROJECT_VERSION = 250715.1;
				DEVELOPMENT_TEAM = "";
				"DEVELOPMENT_TEAM[sdk=iphoneos*]" = L995XJC5CV;
				ENABLE_PREVIEWS = YES;
				GENERATE_INFOPLIST_FILE = YES;
				INFOPLIST_FILE = "Staccato-iOS/Support/Info.plist";
				INFOPLIST_KEY_CFBundleDisplayName = Staccato;
				INFOPLIST_KEY_ITSAppUsesNonExemptEncryption = NO;
				INFOPLIST_KEY_LSApplicationCategoryType = "public.app-category.lifestyle";
				INFOPLIST_KEY_NSCameraUsageDescription = "우리의 추억을 저장하기 위해 카메라 접근 권한이 필요합니다.";
				INFOPLIST_KEY_NSLocationWhenInUseUsageDescription = "사용자의 현재 위치를 입력하기 위해 위치 기반 서비스의 권한이 필요합니다.";
				INFOPLIST_KEY_UIApplicationSceneManifest_Generation = YES;
				INFOPLIST_KEY_UIApplicationSupportsIndirectInputEvents = YES;
				INFOPLIST_KEY_UILaunchScreen_Generation = YES;
				INFOPLIST_KEY_UILaunchStoryboardName = LaunchScreen.storyboard;
				INFOPLIST_KEY_UISupportedInterfaceOrientations_iPad = "UIInterfaceOrientationPortrait UIInterfaceOrientationPortraitUpsideDown UIInterfaceOrientationLandscapeLeft UIInterfaceOrientationLandscapeRight";
				INFOPLIST_KEY_UISupportedInterfaceOrientations_iPhone = "UIInterfaceOrientationPortrait UIInterfaceOrientationLandscapeLeft UIInterfaceOrientationLandscapeRight";
				INFOPLIST_KEY_UIUserInterfaceStyle = Automatic;
				IPHONEOS_DEPLOYMENT_TARGET = 17.4;
				LD_RUNPATH_SEARCH_PATHS = (
					"$(inherited)",
					"@executable_path/Frameworks",
				);
				MARKETING_VERSION = 2.1.3;
				"OTHER_LDFLAGS[arch=*]" = "-ObjC";
				PRODUCT_BUNDLE_IDENTIFIER = "com.teamstaccato.staccato-iOS";
				PRODUCT_NAME = "$(TARGET_NAME)";
				PROVISIONING_PROFILE_SPECIFIER = "";
				"PROVISIONING_PROFILE_SPECIFIER[sdk=iphoneos*]" = "staccato-iOS-release";
				SUPPORTED_PLATFORMS = "iphoneos iphonesimulator";
				SUPPORTS_MACCATALYST = NO;
				SUPPORTS_MAC_DESIGNED_FOR_IPHONE_IPAD = NO;
				SUPPORTS_XR_DESIGNED_FOR_IPHONE_IPAD = NO;
				SWIFT_EMIT_LOC_STRINGS = YES;
				SWIFT_VERSION = 5.0;
				TARGETED_DEVICE_FAMILY = 1;
			};
			name = Release;
		};
/* End XCBuildConfiguration section */

/* Begin XCConfigurationList section */
		137153832D26CDCA00EABE10 /* Build configuration list for PBXProject "Staccato-iOS" */ = {
			isa = XCConfigurationList;
			buildConfigurations = (
				137153942D26CDCC00EABE10 /* Debug */,
				137153952D26CDCC00EABE10 /* Release */,
			);
			defaultConfigurationIsVisible = 0;
			defaultConfigurationName = Release;
		};
		137153962D26CDCC00EABE10 /* Build configuration list for PBXNativeTarget "Staccato-iOS" */ = {
			isa = XCConfigurationList;
			buildConfigurations = (
				137153972D26CDCC00EABE10 /* Debug */,
				137153982D26CDCC00EABE10 /* Release */,
			);
			defaultConfigurationIsVisible = 0;
			defaultConfigurationName = Release;
		};
/* End XCConfigurationList section */

/* Begin XCRemoteSwiftPackageReference section */
		133087FB2D66D89800085E6F /* XCRemoteSwiftPackageReference "ios-places-sdk" */ = {
			isa = XCRemoteSwiftPackageReference;
			repositoryURL = "https://github.com/googlemaps/ios-places-sdk";
			requirement = {
				kind = upToNextMajorVersion;
				minimumVersion = 9.3.0;
			};
		};
		151667752D7DEA9700F7F956 /* XCRemoteSwiftPackageReference "Kingfisher" */ = {
			isa = XCRemoteSwiftPackageReference;
			repositoryURL = "https://github.com/onevcat/Kingfisher.git";
			requirement = {
				kind = upToNextMajorVersion;
				minimumVersion = 8.3.0;
			};
		};
		15926B262D2EF06E00026F56 /* XCRemoteSwiftPackageReference "ios-maps-sdk" */ = {
			isa = XCRemoteSwiftPackageReference;
			repositoryURL = "https://github.com/googlemaps/ios-maps-sdk";
			requirement = {
				kind = upToNextMajorVersion;
				minimumVersion = 10.0.0;
			};
		};
		15E5087B2E107A9A00CF9A54 /* XCRemoteSwiftPackageReference "google-maps-ios-utils" */ = {
			isa = XCRemoteSwiftPackageReference;
			repositoryURL = "https://github.com/googlemaps/google-maps-ios-utils.git";
			requirement = {
				kind = upToNextMajorVersion;
				minimumVersion = 6.1.1;
			};
		};
		3D69FDBA2DA2B43B0073D885 /* XCRemoteSwiftPackageReference "lottie-spm" */ = {
			isa = XCRemoteSwiftPackageReference;
			repositoryURL = "https://github.com/airbnb/lottie-spm.git";
			requirement = {
				kind = upToNextMajorVersion;
				minimumVersion = 4.5.1;
			};
		};
		79E999F22D4D11790066E0CA /* XCRemoteSwiftPackageReference "Alamofire" */ = {
			isa = XCRemoteSwiftPackageReference;
			repositoryURL = "https://github.com/Alamofire/Alamofire.git";
			requirement = {
				kind = upToNextMajorVersion;
				minimumVersion = 5.10.2;
			};
		};
		A81EB0D22E12872B0009396A /* XCRemoteSwiftPackageReference "firebase-ios-sdk" */ = {
			isa = XCRemoteSwiftPackageReference;
			repositoryURL = "https://github.com/firebase/firebase-ios-sdk";
			requirement = {
				kind = upToNextMajorVersion;
				minimumVersion = 11.15.0;
			};
		};
/* End XCRemoteSwiftPackageReference section */

/* Begin XCSwiftPackageProductDependency section */
		133087FC2D66D89800085E6F /* GooglePlaces */ = {
			isa = XCSwiftPackageProductDependency;
			package = 133087FB2D66D89800085E6F /* XCRemoteSwiftPackageReference "ios-places-sdk" */;
			productName = GooglePlaces;
		};
		133087FE2D66D89800085E6F /* GooglePlacesSwift */ = {
			isa = XCSwiftPackageProductDependency;
			package = 133087FB2D66D89800085E6F /* XCRemoteSwiftPackageReference "ios-places-sdk" */;
			productName = GooglePlacesSwift;
		};
		151667762D7DEA9700F7F956 /* Kingfisher */ = {
			isa = XCSwiftPackageProductDependency;
			package = 151667752D7DEA9700F7F956 /* XCRemoteSwiftPackageReference "Kingfisher" */;
			productName = Kingfisher;
		};
		15926B272D2EF06E00026F56 /* GoogleMaps */ = {
			isa = XCSwiftPackageProductDependency;
			package = 15926B262D2EF06E00026F56 /* XCRemoteSwiftPackageReference "ios-maps-sdk" */;
			productName = GoogleMaps;
		};
		15E5087C2E107A9A00CF9A54 /* GoogleMapsUtils */ = {
			isa = XCSwiftPackageProductDependency;
			package = 15E5087B2E107A9A00CF9A54 /* XCRemoteSwiftPackageReference "google-maps-ios-utils" */;
			productName = GoogleMapsUtils;
		};
		3D69FDBB2DA2B43B0073D885 /* Lottie */ = {
			isa = XCSwiftPackageProductDependency;
			package = 3D69FDBA2DA2B43B0073D885 /* XCRemoteSwiftPackageReference "lottie-spm" */;
			productName = Lottie;
		};
		79E999F32D4D11790066E0CA /* Alamofire */ = {
			isa = XCSwiftPackageProductDependency;
			package = 79E999F22D4D11790066E0CA /* XCRemoteSwiftPackageReference "Alamofire" */;
			productName = Alamofire;
		};
		A81EB0D32E12872B0009396A /* FirebaseAnalytics */ = {
			isa = XCSwiftPackageProductDependency;
			package = A81EB0D22E12872B0009396A /* XCRemoteSwiftPackageReference "firebase-ios-sdk" */;
			productName = FirebaseAnalytics;
		};
		A81EB0D52E12872B0009396A /* FirebaseCrashlytics */ = {
			isa = XCSwiftPackageProductDependency;
			package = A81EB0D22E12872B0009396A /* XCRemoteSwiftPackageReference "firebase-ios-sdk" */;
			productName = FirebaseCrashlytics;
		};
		A81EB0D72E12872B0009396A /* FirebaseMessaging */ = {
			isa = XCSwiftPackageProductDependency;
			package = A81EB0D22E12872B0009396A /* XCRemoteSwiftPackageReference "firebase-ios-sdk" */;
			productName = FirebaseMessaging;
		};
/* End XCSwiftPackageProductDependency section */
	};
	rootObject = 137153802D26CDCA00EABE10 /* Project object */;
}
